
Microsoft Visual Studio Solution File, Format Version 12.00
# Visual Studio Version 16
VisualStudioVersion = 16.0.31205.134
MinimumVisualStudioVersion = 10.0.40219.1
Project("{FAE04EC0-301F-11D3-BF4B-00C04F79EFBC}") = "ExercicioMatrix", "ExercicioMatrix\ExercicioMatrix.csproj", "{0D24C2DE-ABA1-4597-AE69-9CFFB053BF01}"
EndProject
Global
	GlobalSection(SolutionConfigurationPlatforms) = preSolution
		Debug|Any CPU = Debug|Any CPU
		Release|Any CPU = Release|Any CPU
	EndGlobalSection
	GlobalSection(ProjectConfigurationPlatforms) = postSolution
		{0D24C2DE-ABA1-4597-AE69-9CFFB053BF01}.Debug|Any CPU.ActiveCfg = Debug|Any CPU
		{0D24C2DE-ABA1-4597-AE69-9CFFB053BF01}.Debug|Any CPU.Build.0 = Debug|Any CPU
		{0D24C2DE-ABA1-4597-AE69-9CFFB053BF01}.Release|Any CPU.ActiveCfg = Release|Any CPU
		{0D24C2DE-ABA1-4597-AE69-9CFFB053BF01}.Release|Any CPU.Build.0 = Release|Any CPU
	EndGlobalSection
	GlobalSection(SolutionProperties) = preSolution
		HideSolutionNode = FALSE
	EndGlobalSection
	GlobalSection(ExtensibilityGlobals) = postSolution
		SolutionGuid = {88FFED6F-1CDB-4358-BAF7-AA09960AE1D4}
	EndGlobalSection
EndGlobal
