
Microsoft Visual Studio Solution File, Format Version 12.00
# Visual Studio Version 16
VisualStudioVersion = 16.0.31205.134
MinimumVisualStudioVersion = 10.0.40219.1
Project("{FAE04EC0-301F-11D3-BF4B-00C04F79EFBC}") = "ExeTaxes", "ExeTaxes\ExeTaxes.csproj", "{C7872F75-CCA9-4B53-9D1E-014F7D06EAF5}"
EndProject
Global
	GlobalSection(SolutionConfigurationPlatforms) = preSolution
		Debug|Any CPU = Debug|Any CPU
		Release|Any CPU = Release|Any CPU
	EndGlobalSection
	GlobalSection(ProjectConfigurationPlatforms) = postSolution
		{C7872F75-CCA9-4B53-9D1E-014F7D06EAF5}.Debug|Any CPU.ActiveCfg = Debug|Any CPU
		{C7872F75-CCA9-4B53-9D1E-014F7D06EAF5}.Debug|Any CPU.Build.0 = Debug|Any CPU
		{C7872F75-CCA9-4B53-9D1E-014F7D06EAF5}.Release|Any CPU.ActiveCfg = Release|Any CPU
		{C7872F75-CCA9-4B53-9D1E-014F7D06EAF5}.Release|Any CPU.Build.0 = Release|Any CPU
	EndGlobalSection
	GlobalSection(SolutionProperties) = preSolution
		HideSolutionNode = FALSE
	EndGlobalSection
	GlobalSection(ExtensibilityGlobals) = postSolution
		SolutionGuid = {1D6EDDCE-CC15-42F1-8519-59F47D78E3C9}
	EndGlobalSection
EndGlobal
