
Microsoft Visual Studio Solution File, Format Version 12.00
# Visual Studio Version 16
VisualStudioVersion = 16.0.31205.134
MinimumVisualStudioVersion = 10.0.40219.1
Project("{FAE04EC0-301F-11D3-BF4B-00C04F79EFBC}") = "ProdutosOtimizado", "ProdutosOtimizado\ProdutosOtimizado.csproj", "{CD2BD305-D142-47AE-A36A-95E25FD9022B}"
EndProject
Global
	GlobalSection(SolutionConfigurationPlatforms) = preSolution
		Debug|Any CPU = Debug|Any CPU
		Release|Any CPU = Release|Any CPU
	EndGlobalSection
	GlobalSection(ProjectConfigurationPlatforms) = postSolution
		{CD2BD305-D142-47AE-A36A-95E25FD9022B}.Debug|Any CPU.ActiveCfg = Debug|Any CPU
		{CD2BD305-D142-47AE-A36A-95E25FD9022B}.Debug|Any CPU.Build.0 = Debug|Any CPU
		{CD2BD305-D142-47AE-A36A-95E25FD9022B}.Release|Any CPU.ActiveCfg = Release|Any CPU
		{CD2BD305-D142-47AE-A36A-95E25FD9022B}.Release|Any CPU.Build.0 = Release|Any CPU
	EndGlobalSection
	GlobalSection(SolutionProperties) = preSolution
		HideSolutionNode = FALSE
	EndGlobalSection
	GlobalSection(ExtensibilityGlobals) = postSolution
		SolutionGuid = {5C287CE5-DAFD-46BE-83BE-709F8D8C306A}
	EndGlobalSection
EndGlobal
