
Microsoft Visual Studio Solution File, Format Version 12.00
# Visual Studio Version 16
VisualStudioVersion = 16.0.31205.134
MinimumVisualStudioVersion = 10.0.40219.1
Project("{FAE04EC0-301F-11D3-BF4B-00C04F79EFBC}") = "UpDownCasting", "UpDownCasting\UpDownCasting.csproj", "{D38684DA-8D4B-41FD-85B2-567D823B4999}"
EndProject
Global
	GlobalSection(SolutionConfigurationPlatforms) = preSolution
		Debug|Any CPU = Debug|Any CPU
		Release|Any CPU = Release|Any CPU
	EndGlobalSection
	GlobalSection(ProjectConfigurationPlatforms) = postSolution
		{D38684DA-8D4B-41FD-85B2-567D823B4999}.Debug|Any CPU.ActiveCfg = Debug|Any CPU
		{D38684DA-8D4B-41FD-85B2-567D823B4999}.Debug|Any CPU.Build.0 = Debug|Any CPU
		{D38684DA-8D4B-41FD-85B2-567D823B4999}.Release|Any CPU.ActiveCfg = Release|Any CPU
		{D38684DA-8D4B-41FD-85B2-567D823B4999}.Release|Any CPU.Build.0 = Release|Any CPU
	EndGlobalSection
	GlobalSection(SolutionProperties) = preSolution
		HideSolutionNode = FALSE
	EndGlobalSection
	GlobalSection(ExtensibilityGlobals) = postSolution
		SolutionGuid = {B1AFDDA3-1798-42CC-8FCC-376F6438F645}
	EndGlobalSection
EndGlobal
