
Microsoft Visual Studio Solution File, Format Version 12.00
# Visual Studio Version 16
VisualStudioVersion = 16.0.31205.134
MinimumVisualStudioVersion = 10.0.40219.1
Project("{FAE04EC0-301F-11D3-BF4B-00C04F79EFBC}") = "ExemploMatrizes", "ExemploMatrizes\ExemploMatrizes.csproj", "{8941F41D-1303-400E-8760-2E02BDB21DCE}"
EndProject
Global
	GlobalSection(SolutionConfigurationPlatforms) = preSolution
		Debug|Any CPU = Debug|Any CPU
		Release|Any CPU = Release|Any CPU
	EndGlobalSection
	GlobalSection(ProjectConfigurationPlatforms) = postSolution
		{8941F41D-1303-400E-8760-2E02BDB21DCE}.Debug|Any CPU.ActiveCfg = Debug|Any CPU
		{8941F41D-1303-400E-8760-2E02BDB21DCE}.Debug|Any CPU.Build.0 = Debug|Any CPU
		{8941F41D-1303-400E-8760-2E02BDB21DCE}.Release|Any CPU.ActiveCfg = Release|Any CPU
		{8941F41D-1303-400E-8760-2E02BDB21DCE}.Release|Any CPU.Build.0 = Release|Any CPU
	EndGlobalSection
	GlobalSection(SolutionProperties) = preSolution
		HideSolutionNode = FALSE
	EndGlobalSection
	GlobalSection(ExtensibilityGlobals) = postSolution
		SolutionGuid = {BD942ED0-A600-4D79-9550-CE3401B268C6}
	EndGlobalSection
EndGlobal
