
Microsoft Visual Studio Solution File, Format Version 12.00
# Visual Studio Version 16
VisualStudioVersion = 16.0.31205.134
MinimumVisualStudioVersion = 10.0.40219.1
Project("{FAE04EC0-301F-11D3-BF4B-00C04F79EFBC}") = "FirstApp", "FirstApp\FirstApp.csproj", "{E67311C1-935C-46AC-AEC5-09B4433F8712}"
EndProject
Global
	GlobalSection(SolutionConfigurationPlatforms) = preSolution
		Debug|Any CPU = Debug|Any CPU
		Release|Any CPU = Release|Any CPU
	EndGlobalSection
	GlobalSection(ProjectConfigurationPlatforms) = postSolution
		{E67311C1-935C-46AC-AEC5-09B4433F8712}.Debug|Any CPU.ActiveCfg = Debug|Any CPU
		{E67311C1-935C-46AC-AEC5-09B4433F8712}.Debug|Any CPU.Build.0 = Debug|Any CPU
		{E67311C1-935C-46AC-AEC5-09B4433F8712}.Release|Any CPU.ActiveCfg = Release|Any CPU
		{E67311C1-935C-46AC-AEC5-09B4433F8712}.Release|Any CPU.Build.0 = Release|Any CPU
	EndGlobalSection
	GlobalSection(SolutionProperties) = preSolution
		HideSolutionNode = FALSE
	EndGlobalSection
	GlobalSection(ExtensibilityGlobals) = postSolution
		SolutionGuid = {4FB8A201-C46C-4714-A5A3-860F82BA8880}
	EndGlobalSection
EndGlobal
