
Microsoft Visual Studio Solution File, Format Version 12.00
# Visual Studio Version 16
VisualStudioVersion = 16.0.31205.134
MinimumVisualStudioVersion = 10.0.40219.1
Project("{FAE04EC0-301F-11D3-BF4B-00C04F79EFBC}") = "MetodosAbstratos", "MetodosAbstratos\MetodosAbstratos.csproj", "{FDA24FB1-BFD7-4D76-92B7-D271ABECAF36}"
EndProject
Global
	GlobalSection(SolutionConfigurationPlatforms) = preSolution
		Debug|Any CPU = Debug|Any CPU
		Release|Any CPU = Release|Any CPU
	EndGlobalSection
	GlobalSection(ProjectConfigurationPlatforms) = postSolution
		{FDA24FB1-BFD7-4D76-92B7-D271ABECAF36}.Debug|Any CPU.ActiveCfg = Debug|Any CPU
		{FDA24FB1-BFD7-4D76-92B7-D271ABECAF36}.Debug|Any CPU.Build.0 = Debug|Any CPU
		{FDA24FB1-BFD7-4D76-92B7-D271ABECAF36}.Release|Any CPU.ActiveCfg = Release|Any CPU
		{FDA24FB1-BFD7-4D76-92B7-D271ABECAF36}.Release|Any CPU.Build.0 = Release|Any CPU
	EndGlobalSection
	GlobalSection(SolutionProperties) = preSolution
		HideSolutionNode = FALSE
	EndGlobalSection
	GlobalSection(ExtensibilityGlobals) = postSolution
		SolutionGuid = {92C953F6-39E5-403A-8312-32DCFF43C58B}
	EndGlobalSection
EndGlobal
